{
  "pins" : [
    {
      "identity" : "swift-fileio",
      "kind" : "remoteSourceControl",
      "location" : "https://github.com/p-x9/swift-fileio.git",
      "state" : {
        "revision" : "d13e6a5115a3e8f6e5b435c6ab1453e153202e8b",
        "version" : "0.7.0"
      }
    }
  ],
  "version" : 2
}
